{
    "name": "passengerprincess",
    "version": "1.0.0",
    "lockfileVersion": 3,
    "requires": true,
    "packages": {
        "": {
            "name": "passengerprincess",
            "version": "1.0.0",
            "dependencies": {
                "dotenv": "^16.0.0"
            },
            "devDependencies": {
                "tailwindcss": "^4.1.13"
            }
        },
        "node_modules/dotenv": {
            "version": "16.6.1",
            "resolved": "https://registry.npmjs.org/dotenv/-/dotenv-16.6.1.tgz",
            "integrity": "sha512-uBq4egWHTcTt33a72vpSG0z3HnPuIl6NqYcTrKEg2azoEyl2hpW0zqlxysq2pK9HlDIHyHyakeYaYnSAwd8bow==",
            "license": "BSD-2-Clause",
            "engines": {
                "node": ">=12"
            },
            "funding": {
                "url": "https://dotenvx.com"
            }
        },
        "node_modules/tailwindcss": {
            "version": "4.1.13",
            "resolved": "https://registry.npmjs.org/tailwindcss/-/tailwindcss-4.1.13.tgz",
            "integrity": "sha512-i+zidfmTqtwquj4hMEwdjshYYgMbOrPzb9a0M3ZgNa0JMoZeFC6bxZvO8yr8ozS6ix2SDz0+mvryPeBs2TFE+w==",
            "dev": true,
            "license": "MIT"
        }
    }
}
